
Microsoft Visual Studio Solution File, Format Version 12.00
# Visual Studio Version 16
VisualStudioVersion = 16.0.34031.81
MinimumVisualStudioVersion = 10.0.40219.1
Project("{FAE04EC0-301F-11D3-BF4B-00C04F79EFBC}") = "ApiView", "ApiView\ApiView.csproj", "{5ACB943F-CF20-4C44-9439-19E2F495747C}"
EndProject
Global
	GlobalSection(SolutionConfigurationPlatforms) = preSolution
		Debug|Any CPU = Debug|Any CPU
		Release|Any CPU = Release|Any CPU
	EndGlobalSection
	GlobalSection(ProjectConfigurationPlatforms) = postSolution
		{5ACB943F-CF20-4C44-9439-19E2F495747C}.Debug|Any CPU.ActiveCfg = Debug|Any CPU
		{5ACB943F-CF20-4C44-9439-19E2F495747C}.Debug|Any CPU.Build.0 = Debug|Any CPU
		{5ACB943F-CF20-4C44-9439-19E2F495747C}.Release|Any CPU.ActiveCfg = Release|Any CPU
		{5ACB943F-CF20-4C44-9439-19E2F495747C}.Release|Any CPU.Build.0 = Release|Any CPU
	EndGlobalSection
	GlobalSection(SolutionProperties) = preSolution
		HideSolutionNode = FALSE
	EndGlobalSection
	GlobalSection(ExtensibilityGlobals) = postSolution
		SolutionGuid = {182356C1-DB2C-41C6-9403-E065F2D8CCA7}
	EndGlobalSection
EndGlobal
